
Microsoft Visual Studio Solution File, Format Version 12.00
# Visual Studio Version 17
VisualStudioVersion = 17.13.35931.197 d17.13
MinimumVisualStudioVersion = 10.0.40219.1
Project("{FAE04EC0-301F-11D3-BF4B-00C04F79EFBC}") = "operadores-aritmeticos", "operadores-aritmeticos.csproj", "{890AF053-2AF7-4FCC-B1BD-95B1EEEBFDA4}"
EndProject
Global
	GlobalSection(SolutionConfigurationPlatforms) = preSolution
		Debug|Any CPU = Debug|Any CPU
		Release|Any CPU = Release|Any CPU
	EndGlobalSection
	GlobalSection(ProjectConfigurationPlatforms) = postSolution
		{890AF053-2AF7-4FCC-B1BD-95B1EEEBFDA4}.Debug|Any CPU.ActiveCfg = Debug|Any CPU
		{890AF053-2AF7-4FCC-B1BD-95B1EEEBFDA4}.Debug|Any CPU.Build.0 = Debug|Any CPU
		{890AF053-2AF7-4FCC-B1BD-95B1EEEBFDA4}.Release|Any CPU.ActiveCfg = Release|Any CPU
		{890AF053-2AF7-4FCC-B1BD-95B1EEEBFDA4}.Release|Any CPU.Build.0 = Release|Any CPU
	EndGlobalSection
	GlobalSection(SolutionProperties) = preSolution
		HideSolutionNode = FALSE
	EndGlobalSection
	GlobalSection(ExtensibilityGlobals) = postSolution
		SolutionGuid = {EC2A8447-93AF-4E8E-9067-AD02E84F9461}
	EndGlobalSection
EndGlobal
