
Microsoft Visual Studio Solution File, Format Version 12.00
# Visual Studio Version 17
VisualStudioVersion = 17.13.35818.85 d17.13
MinimumVisualStudioVersion = 10.0.40219.1
Project("{FAE04EC0-301F-11D3-BF4B-00C04F79EFBC}") = "Entrada_de_Dados", "Entrada_de_Dados.csproj", "{309FEE1A-3FE8-451D-ADE5-7014CFC3A9B3}"
EndProject
Global
	GlobalSection(SolutionConfigurationPlatforms) = preSolution
		Debug|Any CPU = Debug|Any CPU
		Release|Any CPU = Release|Any CPU
	EndGlobalSection
	GlobalSection(ProjectConfigurationPlatforms) = postSolution
		{309FEE1A-3FE8-451D-ADE5-7014CFC3A9B3}.Debug|Any CPU.ActiveCfg = Debug|Any CPU
		{309FEE1A-3FE8-451D-ADE5-7014CFC3A9B3}.Debug|Any CPU.Build.0 = Debug|Any CPU
		{309FEE1A-3FE8-451D-ADE5-7014CFC3A9B3}.Release|Any CPU.ActiveCfg = Release|Any CPU
		{309FEE1A-3FE8-451D-ADE5-7014CFC3A9B3}.Release|Any CPU.Build.0 = Release|Any CPU
	EndGlobalSection
	GlobalSection(SolutionProperties) = preSolution
		HideSolutionNode = FALSE
	EndGlobalSection
	GlobalSection(ExtensibilityGlobals) = postSolution
		SolutionGuid = {DD4B8CF8-ECFA-4820-B873-D7B3F9B88315}
	EndGlobalSection
EndGlobal
