
Microsoft Visual Studio Solution File, Format Version 12.00
# Visual Studio Version 17
VisualStudioVersion = 17.13.35931.197 d17.13
MinimumVisualStudioVersion = 10.0.40219.1
Project("{FAE04EC0-301F-11D3-BF4B-00C04F79EFBC}") = "estrutura-condicional-if-else", "estrutura-condicional-if-else.csproj", "{31D29F7A-373E-4F13-8747-8BBE2D21DD19}"
EndProject
Global
	GlobalSection(SolutionConfigurationPlatforms) = preSolution
		Debug|Any CPU = Debug|Any CPU
		Release|Any CPU = Release|Any CPU
	EndGlobalSection
	GlobalSection(ProjectConfigurationPlatforms) = postSolution
		{31D29F7A-373E-4F13-8747-8BBE2D21DD19}.Debug|Any CPU.ActiveCfg = Debug|Any CPU
		{31D29F7A-373E-4F13-8747-8BBE2D21DD19}.Debug|Any CPU.Build.0 = Debug|Any CPU
		{31D29F7A-373E-4F13-8747-8BBE2D21DD19}.Release|Any CPU.ActiveCfg = Release|Any CPU
		{31D29F7A-373E-4F13-8747-8BBE2D21DD19}.Release|Any CPU.Build.0 = Release|Any CPU
	EndGlobalSection
	GlobalSection(SolutionProperties) = preSolution
		HideSolutionNode = FALSE
	EndGlobalSection
	GlobalSection(ExtensibilityGlobals) = postSolution
		SolutionGuid = {3ADE4754-1891-477F-B148-8BEDB5BD4BF4}
	EndGlobalSection
EndGlobal
